// !$*UTF8*$!
{
	archiveVersion = 1;
	classes = {
	};
	objectVersion = 55;
	objects = {

/* Begin PBXBuildFile section */
		B06E590328091A93003777EB /* month_CalendarCollectionViewCell.swift in Sources */ = {isa = PBXBuildFile; fileRef = B06E590228091A93003777EB /* month_CalendarCollectionViewCell.swift */; };
		B06E590528091AA9003777EB /* month_CalendarViewController.swift in Sources */ = {isa = PBXBuildFile; fileRef = B09C88B527F2483400F808DD /* month_CalendarViewController.swift */; };
		B06E5907280B05B8003777EB /* booksViewController.swift in Sources */ = {isa = PBXBuildFile; fileRef = B06E5906280B05B8003777EB /* booksViewController.swift */; };
		B06E5909280B06FA003777EB /* Book.swift in Sources */ = {isa = PBXBuildFile; fileRef = B06E5908280B06FA003777EB /* Book.swift */; };
		B06E590C280B090E003777EB /* bookTableViewCell.swift in Sources */ = {isa = PBXBuildFile; fileRef = B06E590B280B090E003777EB /* bookTableViewCell.swift */; };
		B06E590E280B11DE003777EB /* tabBarController.swift in Sources */ = {isa = PBXBuildFile; fileRef = B06E590D280B11DE003777EB /* tabBarController.swift */; };
		B06E5910280B239F003777EB /* Film.swift in Sources */ = {isa = PBXBuildFile; fileRef = B06E590F280B239F003777EB /* Film.swift */; };
		B06E5912280B23BA003777EB /* Resolution.swift in Sources */ = {isa = PBXBuildFile; fileRef = B06E5911280B23BA003777EB /* Resolution.swift */; };
		B06E5914280B5699003777EB /* GoogleService-Info.plist in Resources */ = {isa = PBXBuildFile; fileRef = B06E5913280B5699003777EB /* GoogleService-Info.plist */; };
		B06E5917280B5745003777EB /* FirebaseAnalytics in Frameworks */ = {isa = PBXBuildFile; productRef = B06E5916280B5745003777EB /* FirebaseAnalytics */; };
		B06E5919280B5745003777EB /* FirebaseAuth in Frameworks */ = {isa = PBXBuildFile; productRef = B06E5918280B5745003777EB /* FirebaseAuth */; };
		B06E591B280B5745003777EB /* FirebaseCrashlytics in Frameworks */ = {isa = PBXBuildFile; productRef = B06E591A280B5745003777EB /* FirebaseCrashlytics */; };
		B06E591D280B5745003777EB /* FirebaseDatabase in Frameworks */ = {isa = PBXBuildFile; productRef = B06E591C280B5745003777EB /* FirebaseDatabase */; };
		B06E591F280B5745003777EB /* FirebaseDatabaseSwift in Frameworks */ = {isa = PBXBuildFile; productRef = B06E591E280B5745003777EB /* FirebaseDatabaseSwift */; };
		B06E5921280B5745003777EB /* FirebaseFirestore in Frameworks */ = {isa = PBXBuildFile; productRef = B06E5920280B5745003777EB /* FirebaseFirestore */; };
		B06E5923280B5745003777EB /* FirebaseFirestoreSwift in Frameworks */ = {isa = PBXBuildFile; productRef = B06E5922280B5745003777EB /* FirebaseFirestoreSwift */; };
		B06E5925280B5745003777EB /* FirebaseFunctions in Frameworks */ = {isa = PBXBuildFile; productRef = B06E5924280B5745003777EB /* FirebaseFunctions */; };
		B06E5927280B5745003777EB /* FirebaseStorage in Frameworks */ = {isa = PBXBuildFile; productRef = B06E5926280B5745003777EB /* FirebaseStorage */; };
		B06E592C280B5ABD003777EB /* DatabaseBookManager.swift in Sources */ = {isa = PBXBuildFile; fileRef = B06E592B280B5ABD003777EB /* DatabaseBookManager.swift */; };
		B06E592E280B5B6E003777EB /* AuthManager.swift in Sources */ = {isa = PBXBuildFile; fileRef = B06E592D280B5B6E003777EB /* AuthManager.swift */; };
		B06E5930280B5D38003777EB /* DatabaseUserManager.swift in Sources */ = {isa = PBXBuildFile; fileRef = B06E592F280B5D38003777EB /* DatabaseUserManager.swift */; };
		B06E5933280B7379003777EB /* filmsViewController.swift in Sources */ = {isa = PBXBuildFile; fileRef = B06E5932280B7379003777EB /* filmsViewController.swift */; };
		B06E5935280B751B003777EB /* filmTableViewCell.swift in Sources */ = {isa = PBXBuildFile; fileRef = B06E5934280B751B003777EB /* filmTableViewCell.swift */; };
		B06E5937280B75BF003777EB /* DatabaseFilmManager.swift in Sources */ = {isa = PBXBuildFile; fileRef = B06E5936280B75BF003777EB /* DatabaseFilmManager.swift */; };
		B06E5939280BF749003777EB /* menuViewController.swift in Sources */ = {isa = PBXBuildFile; fileRef = B06E5938280BF749003777EB /* menuViewController.swift */; };
		B06E593B280BFB6C003777EB /* DatabaseTaskManager.swift in Sources */ = {isa = PBXBuildFile; fileRef = B06E593A280BFB6C003777EB /* DatabaseTaskManager.swift */; };
		B06E5946280C9502003777EB /* addBookViewController.swift in Sources */ = {isa = PBXBuildFile; fileRef = B06E5945280C9501003777EB /* addBookViewController.swift */; };
		B06E5948280C9BE7003777EB /* addFilmViewController.swift in Sources */ = {isa = PBXBuildFile; fileRef = B06E5947280C9BE7003777EB /* addFilmViewController.swift */; };
		B06E594B280CA823003777EB /* addTaskViewController.swift in Sources */ = {isa = PBXBuildFile; fileRef = B06E594A280CA823003777EB /* addTaskViewController.swift */; };
		B09C88AE27F1C90D00F808DD /* CalendarViewController.swift in Sources */ = {isa = PBXBuildFile; fileRef = B09C88AD27F1C90D00F808DD /* CalendarViewController.swift */; };
		B09C88B027F1CC6B00F808DD /* day_CalendarCollectionViewCell.swift in Sources */ = {isa = PBXBuildFile; fileRef = B09C88AF27F1CC6B00F808DD /* day_CalendarCollectionViewCell.swift */; };
		B09C88B227F241F800F808DD /* day_CalendarViewController.swift in Sources */ = {isa = PBXBuildFile; fileRef = B09C88B127F241F800F808DD /* day_CalendarViewController.swift */; };
		B09C88B427F2482300F808DD /* week_CalendarViewController.swift in Sources */ = {isa = PBXBuildFile; fileRef = B09C88B327F2482300F808DD /* week_CalendarViewController.swift */; };
		B09E0C2027F1BFC5003F38B2 /* AppDelegate.swift in Sources */ = {isa = PBXBuildFile; fileRef = B09E0C1F27F1BFC5003F38B2 /* AppDelegate.swift */; };
		B09E0C2227F1BFC5003F38B2 /* SceneDelegate.swift in Sources */ = {isa = PBXBuildFile; fileRef = B09E0C2127F1BFC5003F38B2 /* SceneDelegate.swift */; };
		B09E0C2427F1BFC5003F38B2 /* ViewController.swift in Sources */ = {isa = PBXBuildFile; fileRef = B09E0C2327F1BFC5003F38B2 /* ViewController.swift */; };
		B09E0C2727F1BFC5003F38B2 /* Main.storyboard in Resources */ = {isa = PBXBuildFile; fileRef = B09E0C2527F1BFC5003F38B2 /* Main.storyboard */; };
		B09E0C2927F1BFC6003F38B2 /* Assets.xcassets in Resources */ = {isa = PBXBuildFile; fileRef = B09E0C2827F1BFC6003F38B2 /* Assets.xcassets */; };
		B09E0C2C27F1BFC6003F38B2 /* LaunchScreen.storyboard in Resources */ = {isa = PBXBuildFile; fileRef = B09E0C2A27F1BFC6003F38B2 /* LaunchScreen.storyboard */; };
		B0B0F74B27F271B400B7448B /* User.swift in Sources */ = {isa = PBXBuildFile; fileRef = B0B0F74A27F271B400B7448B /* User.swift */; };
		B0B0F75027F30B6100B7448B /* Task.swift in Sources */ = {isa = PBXBuildFile; fileRef = B0B0F74F27F30B6100B7448B /* Task.swift */; };
		B0DC31F528105ACE00AB10FB /* profileMenuViewController.swift in Sources */ = {isa = PBXBuildFile; fileRef = B0DC31F428105ACE00AB10FB /* profileMenuViewController.swift */; };
		B0DC32022810634200AB10FB /* SignUpViewController.swift in Sources */ = {isa = PBXBuildFile; fileRef = B0DC31FE2810634200AB10FB /* SignUpViewController.swift */; };
		B0DC32032810634200AB10FB /* SignInViewController.swift in Sources */ = {isa = PBXBuildFile; fileRef = B0DC31FF2810634200AB10FB /* SignInViewController.swift */; };
		B0DC32042810634200AB10FB /* LoginMenuViewController.swift in Sources */ = {isa = PBXBuildFile; fileRef = B0DC32002810634200AB10FB /* LoginMenuViewController.swift */; };
		B0DC32052810634200AB10FB /* ForgotPasswordViewController.swift in Sources */ = {isa = PBXBuildFile; fileRef = B0DC32012810634200AB10FB /* ForgotPasswordViewController.swift */; };
		B0DC32072810756300AB10FB /* changeEmailViewController.swift in Sources */ = {isa = PBXBuildFile; fileRef = B0DC32062810756300AB10FB /* changeEmailViewController.swift */; };
		B0DC32092810758700AB10FB /* changePasswordViewController.swift in Sources */ = {isa = PBXBuildFile; fileRef = B0DC32082810758700AB10FB /* changePasswordViewController.swift */; };
		B0DC320B281084C200AB10FB /* StorageManager.swift in Sources */ = {isa = PBXBuildFile; fileRef = B0DC320A281084C200AB10FB /* StorageManager.swift */; };
/* End PBXBuildFile section */

/* Begin PBXFileReference section */
		B06E590228091A93003777EB /* month_CalendarCollectionViewCell.swift */ = {isa = PBXFileReference; lastKnownFileType = sourcecode.swift; path = month_CalendarCollectionViewCell.swift; sourceTree = "<group>"; };
		B06E5906280B05B8003777EB /* booksViewController.swift */ = {isa = PBXFileReference; lastKnownFileType = sourcecode.swift; path = booksViewController.swift; sourceTree = "<group>"; };
		B06E5908280B06FA003777EB /* Book.swift */ = {isa = PBXFileReference; lastKnownFileType = sourcecode.swift; path = Book.swift; sourceTree = "<group>"; };
		B06E590B280B090E003777EB /* bookTableViewCell.swift */ = {isa = PBXFileReference; lastKnownFileType = sourcecode.swift; path = bookTableViewCell.swift; sourceTree = "<group>"; };
		B06E590D280B11DE003777EB /* tabBarController.swift */ = {isa = PBXFileReference; lastKnownFileType = sourcecode.swift; path = tabBarController.swift; sourceTree = "<group>"; };
		B06E590F280B239F003777EB /* Film.swift */ = {isa = PBXFileReference; lastKnownFileType = sourcecode.swift; path = Film.swift; sourceTree = "<group>"; };
		B06E5911280B23BA003777EB /* Resolution.swift */ = {isa = PBXFileReference; lastKnownFileType = sourcecode.swift; path = Resolution.swift; sourceTree = "<group>"; };
		B06E5913280B5699003777EB /* GoogleService-Info.plist */ = {isa = PBXFileReference; fileEncoding = 4; lastKnownFileType = text.plist.xml; path = "GoogleService-Info.plist"; sourceTree = "<group>"; };
		B06E592B280B5ABD003777EB /* DatabaseBookManager.swift */ = {isa = PBXFileReference; lastKnownFileType = sourcecode.swift; path = DatabaseBookManager.swift; sourceTree = "<group>"; };
		B06E592D280B5B6E003777EB /* AuthManager.swift */ = {isa = PBXFileReference; lastKnownFileType = sourcecode.swift; path = AuthManager.swift; sourceTree = "<group>"; };
		B06E592F280B5D38003777EB /* DatabaseUserManager.swift */ = {isa = PBXFileReference; lastKnownFileType = sourcecode.swift; path = DatabaseUserManager.swift; sourceTree = "<group>"; };
		B06E5932280B7379003777EB /* filmsViewController.swift */ = {isa = PBXFileReference; lastKnownFileType = sourcecode.swift; path = filmsViewController.swift; sourceTree = "<group>"; };
		B06E5934280B751B003777EB /* filmTableViewCell.swift */ = {isa = PBXFileReference; lastKnownFileType = sourcecode.swift; path = filmTableViewCell.swift; sourceTree = "<group>"; };
		B06E5936280B75BF003777EB /* DatabaseFilmManager.swift */ = {isa = PBXFileReference; lastKnownFileType = sourcecode.swift; path = DatabaseFilmManager.swift; sourceTree = "<group>"; };
		B06E5938280BF749003777EB /* menuViewController.swift */ = {isa = PBXFileReference; lastKnownFileType = sourcecode.swift; path = menuViewController.swift; sourceTree = "<group>"; };
		B06E593A280BFB6C003777EB /* DatabaseTaskManager.swift */ = {isa = PBXFileReference; lastKnownFileType = sourcecode.swift; path = DatabaseTaskManager.swift; sourceTree = "<group>"; };
		B06E5945280C9501003777EB /* addBookViewController.swift */ = {isa = PBXFileReference; lastKnownFileType = sourcecode.swift; path = addBookViewController.swift; sourceTree = "<group>"; };
		B06E5947280C9BE7003777EB /* addFilmViewController.swift */ = {isa = PBXFileReference; lastKnownFileType = sourcecode.swift; path = addFilmViewController.swift; sourceTree = "<group>"; };
		B06E594A280CA823003777EB /* addTaskViewController.swift */ = {isa = PBXFileReference; lastKnownFileType = sourcecode.swift; path = addTaskViewController.swift; sourceTree = "<group>"; };
		B09C88AD27F1C90D00F808DD /* CalendarViewController.swift */ = {isa = PBXFileReference; lastKnownFileType = sourcecode.swift; path = CalendarViewController.swift; sourceTree = "<group>"; };
		B09C88AF27F1CC6B00F808DD /* day_CalendarCollectionViewCell.swift */ = {isa = PBXFileReference; lastKnownFileType = sourcecode.swift; path = day_CalendarCollectionViewCell.swift; sourceTree = "<group>"; };
		B09C88B127F241F800F808DD /* day_CalendarViewController.swift */ = {isa = PBXFileReference; lastKnownFileType = sourcecode.swift; path = day_CalendarViewController.swift; sourceTree = "<group>"; };
		B09C88B327F2482300F808DD /* week_CalendarViewController.swift */ = {isa = PBXFileReference; lastKnownFileType = sourcecode.swift; path = week_CalendarViewController.swift; sourceTree = "<group>"; };
		B09C88B527F2483400F808DD /* month_CalendarViewController.swift */ = {isa = PBXFileReference; lastKnownFileType = sourcecode.swift; path = month_CalendarViewController.swift; sourceTree = "<group>"; };
		B09E0C1C27F1BFC5003F38B2 /* The Time Project.app */ = {isa = PBXFileReference; explicitFileType = wrapper.application; includeInIndex = 0; path = "The Time Project.app"; sourceTree = BUILT_PRODUCTS_DIR; };
		B09E0C1F27F1BFC5003F38B2 /* AppDelegate.swift */ = {isa = PBXFileReference; lastKnownFileType = sourcecode.swift; path = AppDelegate.swift; sourceTree = "<group>"; };
		B09E0C2127F1BFC5003F38B2 /* SceneDelegate.swift */ = {isa = PBXFileReference; lastKnownFileType = sourcecode.swift; path = SceneDelegate.swift; sourceTree = "<group>"; };
		B09E0C2327F1BFC5003F38B2 /* ViewController.swift */ = {isa = PBXFileReference; lastKnownFileType = sourcecode.swift; path = ViewController.swift; sourceTree = "<group>"; };
		B09E0C2627F1BFC5003F38B2 /* Base */ = {isa = PBXFileReference; lastKnownFileType = file.storyboard; name = Base; path = Base.lproj/Main.storyboard; sourceTree = "<group>"; };
		B09E0C2827F1BFC6003F38B2 /* Assets.xcassets */ = {isa = PBXFileReference; lastKnownFileType = folder.assetcatalog; path = Assets.xcassets; sourceTree = "<group>"; };
		B09E0C2B27F1BFC6003F38B2 /* Base */ = {isa = PBXFileReference; lastKnownFileType = file.storyboard; name = Base; path = Base.lproj/LaunchScreen.storyboard; sourceTree = "<group>"; };
		B09E0C2D27F1BFC6003F38B2 /* Info.plist */ = {isa = PBXFileReference; lastKnownFileType = text.plist.xml; path = Info.plist; sourceTree = "<group>"; };
		B0B0F74A27F271B400B7448B /* User.swift */ = {isa = PBXFileReference; lastKnownFileType = sourcecode.swift; path = User.swift; sourceTree = "<group>"; };
		B0B0F74F27F30B6100B7448B /* Task.swift */ = {isa = PBXFileReference; fileEncoding = 4; lastKnownFileType = sourcecode.swift; path = Task.swift; sourceTree = "<group>"; };
		B0DC31F428105ACE00AB10FB /* profileMenuViewController.swift */ = {isa = PBXFileReference; lastKnownFileType = sourcecode.swift; path = profileMenuViewController.swift; sourceTree = "<group>"; };
		B0DC31FE2810634200AB10FB /* SignUpViewController.swift */ = {isa = PBXFileReference; fileEncoding = 4; lastKnownFileType = sourcecode.swift; path = SignUpViewController.swift; sourceTree = "<group>"; };
		B0DC31FF2810634200AB10FB /* SignInViewController.swift */ = {isa = PBXFileReference; fileEncoding = 4; lastKnownFileType = sourcecode.swift; path = SignInViewController.swift; sourceTree = "<group>"; };
		B0DC32002810634200AB10FB /* LoginMenuViewController.swift */ = {isa = PBXFileReference; fileEncoding = 4; lastKnownFileType = sourcecode.swift; path = LoginMenuViewController.swift; sourceTree = "<group>"; };
		B0DC32012810634200AB10FB /* ForgotPasswordViewController.swift */ = {isa = PBXFileReference; fileEncoding = 4; lastKnownFileType = sourcecode.swift; path = ForgotPasswordViewController.swift; sourceTree = "<group>"; };
		B0DC32062810756300AB10FB /* changeEmailViewController.swift */ = {isa = PBXFileReference; lastKnownFileType = sourcecode.swift; path = changeEmailViewController.swift; sourceTree = "<group>"; };
		B0DC32082810758700AB10FB /* changePasswordViewController.swift */ = {isa = PBXFileReference; lastKnownFileType = sourcecode.swift; path = changePasswordViewController.swift; sourceTree = "<group>"; };
		B0DC320A281084C200AB10FB /* StorageManager.swift */ = {isa = PBXFileReference; lastKnownFileType = sourcecode.swift; path = StorageManager.swift; sourceTree = "<group>"; };
/* End PBXFileReference section */

/* Begin PBXFrameworksBuildPhase section */
		B09E0C1927F1BFC5003F38B2 /* Frameworks */ = {
			isa = PBXFrameworksBuildPhase;
			buildActionMask = 2147483647;
			files = (
				B06E591F280B5745003777EB /* FirebaseDatabaseSwift in Frameworks */,
				B06E591B280B5745003777EB /* FirebaseCrashlytics in Frameworks */,
				B06E5927280B5745003777EB /* FirebaseStorage in Frameworks */,
				B06E5917280B5745003777EB /* FirebaseAnalytics in Frameworks */,
				B06E5925280B5745003777EB /* FirebaseFunctions in Frameworks */,
				B06E5923280B5745003777EB /* FirebaseFirestoreSwift in Frameworks */,
				B06E591D280B5745003777EB /* FirebaseDatabase in Frameworks */,
				B06E5919280B5745003777EB /* FirebaseAuth in Frameworks */,
				B06E5921280B5745003777EB /* FirebaseFirestore in Frameworks */,
			);
			runOnlyForDeploymentPostprocessing = 0;
		};
/* End PBXFrameworksBuildPhase section */

/* Begin PBXGroup section */
		B06E590428091A99003777EB /* Month Calendar */ = {
			isa = PBXGroup;
			children = (
				B06E590228091A93003777EB /* month_CalendarCollectionViewCell.swift */,
				B09C88B527F2483400F808DD /* month_CalendarViewController.swift */,
			);
			path = "Month Calendar";
			sourceTree = "<group>";
		};
		B06E590A280B08F9003777EB /* Books */ = {
			isa = PBXGroup;
			children = (
				B06E5906280B05B8003777EB /* booksViewController.swift */,
				B06E590B280B090E003777EB /* bookTableViewCell.swift */,
				B06E5945280C9501003777EB /* addBookViewController.swift */,
			);
			path = Books;
			sourceTree = "<group>";
		};
		B06E5928280B5A51003777EB /* SystemFiles */ = {
			isa = PBXGroup;
			children = (
				B09E0C1F27F1BFC5003F38B2 /* AppDelegate.swift */,
				B09E0C2127F1BFC5003F38B2 /* SceneDelegate.swift */,
				B09E0C2327F1BFC5003F38B2 /* ViewController.swift */,
			);
			path = SystemFiles;
			sourceTree = "<group>";
		};
		B06E5929280B5A6D003777EB /* Calendar */ = {
			isa = PBXGroup;
			children = (
				B09C88AD27F1C90D00F808DD /* CalendarViewController.swift */,
				B06E594A280CA823003777EB /* addTaskViewController.swift */,
				B06E590428091A99003777EB /* Month Calendar */,
				B06E5949280CA801003777EB /* Week_Calendar */,
				B09C88B727F24C2900F808DD /* Day Calendar */,
			);
			path = Calendar;
			sourceTree = "<group>";
		};
		B06E592A280B5A89003777EB /* FireBaseManagers */ = {
			isa = PBXGroup;
			children = (
				B06E592B280B5ABD003777EB /* DatabaseBookManager.swift */,
				B06E592D280B5B6E003777EB /* AuthManager.swift */,
				B06E592F280B5D38003777EB /* DatabaseUserManager.swift */,
				B06E5936280B75BF003777EB /* DatabaseFilmManager.swift */,
				B06E593A280BFB6C003777EB /* DatabaseTaskManager.swift */,
				B0DC320A281084C200AB10FB /* StorageManager.swift */,
			);
			path = FireBaseManagers;
			sourceTree = "<group>";
		};
		B06E5931280B7361003777EB /* Films */ = {
			isa = PBXGroup;
			children = (
				B06E5932280B7379003777EB /* filmsViewController.swift */,
				B06E5934280B751B003777EB /* filmTableViewCell.swift */,
				B06E5947280C9BE7003777EB /* addFilmViewController.swift */,
			);
			path = Films;
			sourceTree = "<group>";
		};
		B06E593C280C0649003777EB /* Login and Registration */ = {
			isa = PBXGroup;
			children = (
				B0DC32012810634200AB10FB /* ForgotPasswordViewController.swift */,
				B0DC32002810634200AB10FB /* LoginMenuViewController.swift */,
				B0DC31FF2810634200AB10FB /* SignInViewController.swift */,
				B0DC31FE2810634200AB10FB /* SignUpViewController.swift */,
			);
			path = "Login and Registration";
			sourceTree = "<group>";
		};
		B06E5949280CA801003777EB /* Week_Calendar */ = {
			isa = PBXGroup;
			children = (
				B09C88B327F2482300F808DD /* week_CalendarViewController.swift */,
			);
			path = Week_Calendar;
			sourceTree = "<group>";
		};
		B09C88B727F24C2900F808DD /* Day Calendar */ = {
			isa = PBXGroup;
			children = (
				B09C88AF27F1CC6B00F808DD /* day_CalendarCollectionViewCell.swift */,
				B09C88B127F241F800F808DD /* day_CalendarViewController.swift */,
			);
			path = "Day Calendar";
			sourceTree = "<group>";
		};
		B09E0C1327F1BFC5003F38B2 = {
			isa = PBXGroup;
			children = (
				B09E0C1E27F1BFC5003F38B2 /* The Time Project */,
				B09E0C1D27F1BFC5003F38B2 /* Products */,
			);
			sourceTree = "<group>";
		};
		B09E0C1D27F1BFC5003F38B2 /* Products */ = {
			isa = PBXGroup;
			children = (
				B09E0C1C27F1BFC5003F38B2 /* The Time Project.app */,
			);
			name = Products;
			sourceTree = "<group>";
		};
		B09E0C1E27F1BFC5003F38B2 /* The Time Project */ = {
			isa = PBXGroup;
			children = (
				B0DC31F228105A8100AB10FB /* Views */,
				B06E592A280B5A89003777EB /* FireBaseManagers */,
				B06E5928280B5A51003777EB /* SystemFiles */,
				B0B0F74727F2719700B7448B /* Models */,
				B09E0C2527F1BFC5003F38B2 /* Main.storyboard */,
				B06E5938280BF749003777EB /* menuViewController.swift */,
				B06E590D280B11DE003777EB /* tabBarController.swift */,
				B09E0C2827F1BFC6003F38B2 /* Assets.xcassets */,
				B09E0C2A27F1BFC6003F38B2 /* LaunchScreen.storyboard */,
				B06E5913280B5699003777EB /* GoogleService-Info.plist */,
				B09E0C2D27F1BFC6003F38B2 /* Info.plist */,
			);
			path = "The Time Project";
			sourceTree = "<group>";
		};
		B0B0F74727F2719700B7448B /* Models */ = {
			isa = PBXGroup;
			children = (
				B0B0F74F27F30B6100B7448B /* Task.swift */,
				B0B0F74A27F271B400B7448B /* User.swift */,
				B06E5908280B06FA003777EB /* Book.swift */,
				B06E590F280B239F003777EB /* Film.swift */,
				B06E5911280B23BA003777EB /* Resolution.swift */,
			);
			path = Models;
			sourceTree = "<group>";
		};
		B0DC31F228105A8100AB10FB /* Views */ = {
			isa = PBXGroup;
			children = (
				B0DC31F328105AAD00AB10FB /* Profile */,
				B06E593C280C0649003777EB /* Login and Registration */,
				B06E5929280B5A6D003777EB /* Calendar */,
				B06E590A280B08F9003777EB /* Books */,
				B06E5931280B7361003777EB /* Films */,
			);
			path = Views;
			sourceTree = "<group>";
		};
		B0DC31F328105AAD00AB10FB /* Profile */ = {
			isa = PBXGroup;
			children = (
				B0DC31F428105ACE00AB10FB /* profileMenuViewController.swift */,
				B0DC32062810756300AB10FB /* changeEmailViewController.swift */,
				B0DC32082810758700AB10FB /* changePasswordViewController.swift */,
			);
			path = Profile;
			sourceTree = "<group>";
		};
/* End PBXGroup section */

/* Begin PBXNativeTarget section */
		B09E0C1B27F1BFC5003F38B2 /* The Time Project */ = {
			isa = PBXNativeTarget;
			buildConfigurationList = B09E0C3027F1BFC6003F38B2 /* Build configuration list for PBXNativeTarget "The Time Project" */;
			buildPhases = (
				B09E0C1827F1BFC5003F38B2 /* Sources */,
				B09E0C1927F1BFC5003F38B2 /* Frameworks */,
				B09E0C1A27F1BFC5003F38B2 /* Resources */,
			);
			buildRules = (
			);
			dependencies = (
			);
			name = "The Time Project";
			packageProductDependencies = (
				B06E5916280B5745003777EB /* FirebaseAnalytics */,
				B06E5918280B5745003777EB /* FirebaseAuth */,
				B06E591A280B5745003777EB /* FirebaseCrashlytics */,
				B06E591C280B5745003777EB /* FirebaseDatabase */,
				B06E591E280B5745003777EB /* FirebaseDatabaseSwift */,
				B06E5920280B5745003777EB /* FirebaseFirestore */,
				B06E5922280B5745003777EB /* FirebaseFirestoreSwift */,
				B06E5924280B5745003777EB /* FirebaseFunctions */,
				B06E5926280B5745003777EB /* FirebaseStorage */,
			);
			productName = "The Time Project";
			productReference = B09E0C1C27F1BFC5003F38B2 /* The Time Project.app */;
			productType = "com.apple.product-type.application";
		};
/* End PBXNativeTarget section */

/* Begin PBXProject section */
		B09E0C1427F1BFC5003F38B2 /* Project object */ = {
			isa = PBXProject;
			attributes = {
				BuildIndependentTargetsInParallel = 1;
				LastSwiftUpdateCheck = 1330;
				LastUpgradeCheck = 1330;
				TargetAttributes = {
					B09E0C1B27F1BFC5003F38B2 = {
						CreatedOnToolsVersion = 13.3;
					};
				};
			};
			buildConfigurationList = B09E0C1727F1BFC5003F38B2 /* Build configuration list for PBXProject "The Time Project" */;
			compatibilityVersion = "Xcode 13.0";
			developmentRegion = en;
			hasScannedForEncodings = 0;
			knownRegions = (
				en,
				Base,
			);
			mainGroup = B09E0C1327F1BFC5003F38B2;
			packageReferences = (
				B06E5915280B5745003777EB /* XCRemoteSwiftPackageReference "firebase-ios-sdk" */,
			);
			productRefGroup = B09E0C1D27F1BFC5003F38B2 /* Products */;
			projectDirPath = "";
			projectRoot = "";
			targets = (
				B09E0C1B27F1BFC5003F38B2 /* The Time Project */,
			);
		};
/* End PBXProject section */

/* Begin PBXResourcesBuildPhase section */
		B09E0C1A27F1BFC5003F38B2 /* Resources */ = {
			isa = PBXResourcesBuildPhase;
			buildActionMask = 2147483647;
			files = (
				B09E0C2C27F1BFC6003F38B2 /* LaunchScreen.storyboard in Resources */,
				B06E5914280B5699003777EB /* GoogleService-Info.plist in Resources */,
				B09E0C2927F1BFC6003F38B2 /* Assets.xcassets in Resources */,
				B09E0C2727F1BFC5003F38B2 /* Main.storyboard in Resources */,
			);
			runOnlyForDeploymentPostprocessing = 0;
		};
/* End PBXResourcesBuildPhase section */

/* Begin PBXSourcesBuildPhase section */
		B09E0C1827F1BFC5003F38B2 /* Sources */ = {
			isa = PBXSourcesBuildPhase;
			buildActionMask = 2147483647;
			files = (
				B09C88AE27F1C90D00F808DD /* CalendarViewController.swift in Sources */,
				B06E592C280B5ABD003777EB /* DatabaseBookManager.swift in Sources */,
				B0DC32052810634200AB10FB /* ForgotPasswordViewController.swift in Sources */,
				B0DC320B281084C200AB10FB /* StorageManager.swift in Sources */,
				B06E5948280C9BE7003777EB /* addFilmViewController.swift in Sources */,
				B06E5907280B05B8003777EB /* booksViewController.swift in Sources */,
				B09C88B427F2482300F808DD /* week_CalendarViewController.swift in Sources */,
				B0DC32042810634200AB10FB /* LoginMenuViewController.swift in Sources */,
				B09E0C2427F1BFC5003F38B2 /* ViewController.swift in Sources */,
				B06E5935280B751B003777EB /* filmTableViewCell.swift in Sources */,
				B06E590328091A93003777EB /* month_CalendarCollectionViewCell.swift in Sources */,
				B09C88B227F241F800F808DD /* day_CalendarViewController.swift in Sources */,
				B06E5930280B5D38003777EB /* DatabaseUserManager.swift in Sources */,
				B09E0C2027F1BFC5003F38B2 /* AppDelegate.swift in Sources */,
				B06E590E280B11DE003777EB /* tabBarController.swift in Sources */,
				B09C88B027F1CC6B00F808DD /* day_CalendarCollectionViewCell.swift in Sources */,
				B06E5912280B23BA003777EB /* Resolution.swift in Sources */,
				B06E5946280C9502003777EB /* addBookViewController.swift in Sources */,
				B06E590C280B090E003777EB /* bookTableViewCell.swift in Sources */,
				B06E5937280B75BF003777EB /* DatabaseFilmManager.swift in Sources */,
				B06E594B280CA823003777EB /* addTaskViewController.swift in Sources */,
				B06E5939280BF749003777EB /* menuViewController.swift in Sources */,
				B09E0C2227F1BFC5003F38B2 /* SceneDelegate.swift in Sources */,
				B0DC32072810756300AB10FB /* changeEmailViewController.swift in Sources */,
				B0B0F75027F30B6100B7448B /* Task.swift in Sources */,
				B0DC32092810758700AB10FB /* changePasswordViewController.swift in Sources */,
				B06E592E280B5B6E003777EB /* AuthManager.swift in Sources */,
				B0B0F74B27F271B400B7448B /* User.swift in Sources */,
				B0DC31F528105ACE00AB10FB /* profileMenuViewController.swift in Sources */,
				B0DC32032810634200AB10FB /* SignInViewController.swift in Sources */,
				B0DC32022810634200AB10FB /* SignUpViewController.swift in Sources */,
				B06E5910280B239F003777EB /* Film.swift in Sources */,
				B06E5909280B06FA003777EB /* Book.swift in Sources */,
				B06E5933280B7379003777EB /* filmsViewController.swift in Sources */,
				B06E590528091AA9003777EB /* month_CalendarViewController.swift in Sources */,
				B06E593B280BFB6C003777EB /* DatabaseTaskManager.swift in Sources */,
			);
			runOnlyForDeploymentPostprocessing = 0;
		};
/* End PBXSourcesBuildPhase section */

/* Begin PBXVariantGroup section */
		B09E0C2527F1BFC5003F38B2 /* Main.storyboard */ = {
			isa = PBXVariantGroup;
			children = (
				B09E0C2627F1BFC5003F38B2 /* Base */,
			);
			name = Main.storyboard;
			sourceTree = "<group>";
		};
		B09E0C2A27F1BFC6003F38B2 /* LaunchScreen.storyboard */ = {
			isa = PBXVariantGroup;
			children = (
				B09E0C2B27F1BFC6003F38B2 /* Base */,
			);
			name = LaunchScreen.storyboard;
			sourceTree = "<group>";
		};
/* End PBXVariantGroup section */

/* Begin XCBuildConfiguration section */
		B09E0C2E27F1BFC6003F38B2 /* Debug */ = {
			isa = XCBuildConfiguration;
			buildSettings = {
				ALWAYS_SEARCH_USER_PATHS = NO;
				CLANG_ANALYZER_NONNULL = YES;
				CLANG_ANALYZER_NUMBER_OBJECT_CONVERSION = YES_AGGRESSIVE;
				CLANG_CXX_LANGUAGE_STANDARD = "gnu++17";
				CLANG_ENABLE_MODULES = YES;
				CLANG_ENABLE_OBJC_ARC = YES;
				CLANG_ENABLE_OBJC_WEAK = YES;
				CLANG_WARN_BLOCK_CAPTURE_AUTORELEASING = YES;
				CLANG_WARN_BOOL_CONVERSION = YES;
				CLANG_WARN_COMMA = YES;
				CLANG_WARN_CONSTANT_CONVERSION = YES;
				CLANG_WARN_DEPRECATED_OBJC_IMPLEMENTATIONS = YES;
				CLANG_WARN_DIRECT_OBJC_ISA_USAGE = YES_ERROR;
				CLANG_WARN_DOCUMENTATION_COMMENTS = YES;
				CLANG_WARN_EMPTY_BODY = YES;
				CLANG_WARN_ENUM_CONVERSION = YES;
				CLANG_WARN_INFINITE_RECURSION = YES;
				CLANG_WARN_INT_CONVERSION = YES;
				CLANG_WARN_NON_LITERAL_NULL_CONVERSION = YES;
				CLANG_WARN_OBJC_IMPLICIT_RETAIN_SELF = YES;
				CLANG_WARN_OBJC_LITERAL_CONVERSION = YES;
				CLANG_WARN_OBJC_ROOT_CLASS = YES_ERROR;
				CLANG_WARN_QUOTED_INCLUDE_IN_FRAMEWORK_HEADER = YES;
				CLANG_WARN_RANGE_LOOP_ANALYSIS = YES;
				CLANG_WARN_STRICT_PROTOTYPES = YES;
				CLANG_WARN_SUSPICIOUS_MOVE = YES;
				CLANG_WARN_UNGUARDED_AVAILABILITY = YES_AGGRESSIVE;
				CLANG_WARN_UNREACHABLE_CODE = YES;
				CLANG_WARN__DUPLICATE_METHOD_MATCH = YES;
				COPY_PHASE_STRIP = NO;
				DEBUG_INFORMATION_FORMAT = dwarf;
				ENABLE_STRICT_OBJC_MSGSEND = YES;
				ENABLE_TESTABILITY = YES;
				GCC_C_LANGUAGE_STANDARD = gnu11;
				GCC_DYNAMIC_NO_PIC = NO;
				GCC_NO_COMMON_BLOCKS = YES;
				GCC_OPTIMIZATION_LEVEL = 0;
				GCC_PREPROCESSOR_DEFINITIONS = (
					"DEBUG=1",
					"$(inherited)",
				);
				GCC_WARN_64_TO_32_BIT_CONVERSION = YES;
				GCC_WARN_ABOUT_RETURN_TYPE = YES_ERROR;
				GCC_WARN_UNDECLARED_SELECTOR = YES;
				GCC_WARN_UNINITIALIZED_AUTOS = YES_AGGRESSIVE;
				GCC_WARN_UNUSED_FUNCTION = YES;
				GCC_WARN_UNUSED_VARIABLE = YES;
				IPHONEOS_DEPLOYMENT_TARGET = 15.4;
				MTL_ENABLE_DEBUG_INFO = INCLUDE_SOURCE;
				MTL_FAST_MATH = YES;
				ONLY_ACTIVE_ARCH = YES;
				SDKROOT = iphoneos;
				SWIFT_ACTIVE_COMPILATION_CONDITIONS = DEBUG;
				SWIFT_OPTIMIZATION_LEVEL = "-Onone";
			};
			name = Debug;
		};
		B09E0C2F27F1BFC6003F38B2 /* Release */ = {
			isa = XCBuildConfiguration;
			buildSettings = {
				ALWAYS_SEARCH_USER_PATHS = NO;
				CLANG_ANALYZER_NONNULL = YES;
				CLANG_ANALYZER_NUMBER_OBJECT_CONVERSION = YES_AGGRESSIVE;
				CLANG_CXX_LANGUAGE_STANDARD = "gnu++17";
				CLANG_ENABLE_MODULES = YES;
				CLANG_ENABLE_OBJC_ARC = YES;
				CLANG_ENABLE_OBJC_WEAK = YES;
				CLANG_WARN_BLOCK_CAPTURE_AUTORELEASING = YES;
				CLANG_WARN_BOOL_CONVERSION = YES;
				CLANG_WARN_COMMA = YES;
				CLANG_WARN_CONSTANT_CONVERSION = YES;
				CLANG_WARN_DEPRECATED_OBJC_IMPLEMENTATIONS = YES;
				CLANG_WARN_DIRECT_OBJC_ISA_USAGE = YES_ERROR;
				CLANG_WARN_DOCUMENTATION_COMMENTS = YES;
				CLANG_WARN_EMPTY_BODY = YES;
				CLANG_WARN_ENUM_CONVERSION = YES;
				CLANG_WARN_INFINITE_RECURSION = YES;
				CLANG_WARN_INT_CONVERSION = YES;
				CLANG_WARN_NON_LITERAL_NULL_CONVERSION = YES;
				CLANG_WARN_OBJC_IMPLICIT_RETAIN_SELF = YES;
				CLANG_WARN_OBJC_LITERAL_CONVERSION = YES;
				CLANG_WARN_OBJC_ROOT_CLASS = YES_ERROR;
				CLANG_WARN_QUOTED_INCLUDE_IN_FRAMEWORK_HEADER = YES;
				CLANG_WARN_RANGE_LOOP_ANALYSIS = YES;
				CLANG_WARN_STRICT_PROTOTYPES = YES;
				CLANG_WARN_SUSPICIOUS_MOVE = YES;
				CLANG_WARN_UNGUARDED_AVAILABILITY = YES_AGGRESSIVE;
				CLANG_WARN_UNREACHABLE_CODE = YES;
				CLANG_WARN__DUPLICATE_METHOD_MATCH = YES;
				COPY_PHASE_STRIP = NO;
				DEBUG_INFORMATION_FORMAT = "dwarf-with-dsym";
				ENABLE_NS_ASSERTIONS = NO;
				ENABLE_STRICT_OBJC_MSGSEND = YES;
				GCC_C_LANGUAGE_STANDARD = gnu11;
				GCC_NO_COMMON_BLOCKS = YES;
				GCC_WARN_64_TO_32_BIT_CONVERSION = YES;
				GCC_WARN_ABOUT_RETURN_TYPE = YES_ERROR;
				GCC_WARN_UNDECLARED_SELECTOR = YES;
				GCC_WARN_UNINITIALIZED_AUTOS = YES_AGGRESSIVE;
				GCC_WARN_UNUSED_FUNCTION = YES;
				GCC_WARN_UNUSED_VARIABLE = YES;
				IPHONEOS_DEPLOYMENT_TARGET = 15.4;
				MTL_ENABLE_DEBUG_INFO = NO;
				MTL_FAST_MATH = YES;
				SDKROOT = iphoneos;
				SWIFT_COMPILATION_MODE = wholemodule;
				SWIFT_OPTIMIZATION_LEVEL = "-O";
				VALIDATE_PRODUCT = YES;
			};
			name = Release;
		};
		B09E0C3127F1BFC6003F38B2 /* Debug */ = {
			isa = XCBuildConfiguration;
			buildSettings = {
				ASSETCATALOG_COMPILER_APPICON_NAME = AppIcon;
				ASSETCATALOG_COMPILER_GLOBAL_ACCENT_COLOR_NAME = AccentColor;
				CODE_SIGN_STYLE = Automatic;
				CURRENT_PROJECT_VERSION = 1;
				DEVELOPMENT_TEAM = 2L24TQ8W95;
				GENERATE_INFOPLIST_FILE = YES;
				INFOPLIST_FILE = "The Time Project/Info.plist";
				INFOPLIST_KEY_UIApplicationSupportsIndirectInputEvents = YES;
				INFOPLIST_KEY_UILaunchStoryboardName = LaunchScreen;
				INFOPLIST_KEY_UIMainStoryboardFile = Main;
				INFOPLIST_KEY_UISupportedInterfaceOrientations_iPad = "UIInterfaceOrientationPortrait UIInterfaceOrientationPortraitUpsideDown UIInterfaceOrientationLandscapeLeft UIInterfaceOrientationLandscapeRight";
				INFOPLIST_KEY_UISupportedInterfaceOrientations_iPhone = "UIInterfaceOrientationPortrait UIInterfaceOrientationLandscapeLeft UIInterfaceOrientationLandscapeRight";
				LD_RUNPATH_SEARCH_PATHS = (
					"$(inherited)",
					"@executable_path/Frameworks",
				);
				MARKETING_VERSION = 1.0;
				PRODUCT_BUNDLE_IDENTIFIER = "com.fmi.Laskov.The-Time-Project";
				PRODUCT_NAME = "$(TARGET_NAME)";
				SWIFT_EMIT_LOC_STRINGS = YES;
				SWIFT_VERSION = 5.0;
				TARGETED_DEVICE_FAMILY = 1;
			};
			name = Debug;
		};
		B09E0C3227F1BFC6003F38B2 /* Release */ = {
			isa = XCBuildConfiguration;
			buildSettings = {
				ASSETCATALOG_COMPILER_APPICON_NAME = AppIcon;
				ASSETCATALOG_COMPILER_GLOBAL_ACCENT_COLOR_NAME = AccentColor;
				CODE_SIGN_STYLE = Automatic;
				CURRENT_PROJECT_VERSION = 1;
				DEVELOPMENT_TEAM = 2L24TQ8W95;
				GENERATE_INFOPLIST_FILE = YES;
				INFOPLIST_FILE = "The Time Project/Info.plist";
				INFOPLIST_KEY_UIApplicationSupportsIndirectInputEvents = YES;
				INFOPLIST_KEY_UILaunchStoryboardName = LaunchScreen;
				INFOPLIST_KEY_UIMainStoryboardFile = Main;
				INFOPLIST_KEY_UISupportedInterfaceOrientations_iPad = "UIInterfaceOrientationPortrait UIInterfaceOrientationPortraitUpsideDown UIInterfaceOrientationLandscapeLeft UIInterfaceOrientationLandscapeRight";
				INFOPLIST_KEY_UISupportedInterfaceOrientations_iPhone = "UIInterfaceOrientationPortrait UIInterfaceOrientationLandscapeLeft UIInterfaceOrientationLandscapeRight";
				LD_RUNPATH_SEARCH_PATHS = (
					"$(inherited)",
					"@executable_path/Frameworks",
				);
				MARKETING_VERSION = 1.0;
				PRODUCT_BUNDLE_IDENTIFIER = "com.fmi.Laskov.The-Time-Project";
				PRODUCT_NAME = "$(TARGET_NAME)";
				SWIFT_EMIT_LOC_STRINGS = YES;
				SWIFT_VERSION = 5.0;
				TARGETED_DEVICE_FAMILY = 1;
			};
			name = Release;
		};
/* End XCBuildConfiguration section */

/* Begin XCConfigurationList section */
		B09E0C1727F1BFC5003F38B2 /* Build configuration list for PBXProject "The Time Project" */ = {
			isa = XCConfigurationList;
			buildConfigurations = (
				B09E0C2E27F1BFC6003F38B2 /* Debug */,
				B09E0C2F27F1BFC6003F38B2 /* Release */,
			);
			defaultConfigurationIsVisible = 0;
			defaultConfigurationName = Release;
		};
		B09E0C3027F1BFC6003F38B2 /* Build configuration list for PBXNativeTarget "The Time Project" */ = {
			isa = XCConfigurationList;
			buildConfigurations = (
				B09E0C3127F1BFC6003F38B2 /* Debug */,
				B09E0C3227F1BFC6003F38B2 /* Release */,
			);
			defaultConfigurationIsVisible = 0;
			defaultConfigurationName = Release;
		};
/* End XCConfigurationList section */

/* Begin XCRemoteSwiftPackageReference section */
		B06E5915280B5745003777EB /* XCRemoteSwiftPackageReference "firebase-ios-sdk" */ = {
			isa = XCRemoteSwiftPackageReference;
			repositoryURL = "https://github.com/firebase/firebase-ios-sdk";
			requirement = {
				branch = master;
				kind = branch;
			};
		};
/* End XCRemoteSwiftPackageReference section */

/* Begin XCSwiftPackageProductDependency section */
		B06E5916280B5745003777EB /* FirebaseAnalytics */ = {
			isa = XCSwiftPackageProductDependency;
			package = B06E5915280B5745003777EB /* XCRemoteSwiftPackageReference "firebase-ios-sdk" */;
			productName = FirebaseAnalytics;
		};
		B06E5918280B5745003777EB /* FirebaseAuth */ = {
			isa = XCSwiftPackageProductDependency;
			package = B06E5915280B5745003777EB /* XCRemoteSwiftPackageReference "firebase-ios-sdk" */;
			productName = FirebaseAuth;
		};
		B06E591A280B5745003777EB /* FirebaseCrashlytics */ = {
			isa = XCSwiftPackageProductDependency;
			package = B06E5915280B5745003777EB /* XCRemoteSwiftPackageReference "firebase-ios-sdk" */;
			productName = FirebaseCrashlytics;
		};
		B06E591C280B5745003777EB /* FirebaseDatabase */ = {
			isa = XCSwiftPackageProductDependency;
			package = B06E5915280B5745003777EB /* XCRemoteSwiftPackageReference "firebase-ios-sdk" */;
			productName = FirebaseDatabase;
		};
		B06E591E280B5745003777EB /* FirebaseDatabaseSwift */ = {
			isa = XCSwiftPackageProductDependency;
			package = B06E5915280B5745003777EB /* XCRemoteSwiftPackageReference "firebase-ios-sdk" */;
			productName = FirebaseDatabaseSwift;
		};
		B06E5920280B5745003777EB /* FirebaseFirestore */ = {
			isa = XCSwiftPackageProductDependency;
			package = B06E5915280B5745003777EB /* XCRemoteSwiftPackageReference "firebase-ios-sdk" */;
			productName = FirebaseFirestore;
		};
		B06E5922280B5745003777EB /* FirebaseFirestoreSwift */ = {
			isa = XCSwiftPackageProductDependency;
			package = B06E5915280B5745003777EB /* XCRemoteSwiftPackageReference "firebase-ios-sdk" */;
			productName = FirebaseFirestoreSwift;
		};
		B06E5924280B5745003777EB /* FirebaseFunctions */ = {
			isa = XCSwiftPackageProductDependency;
			package = B06E5915280B5745003777EB /* XCRemoteSwiftPackageReference "firebase-ios-sdk" */;
			productName = FirebaseFunctions;
		};
		B06E5926280B5745003777EB /* FirebaseStorage */ = {
			isa = XCSwiftPackageProductDependency;
			package = B06E5915280B5745003777EB /* XCRemoteSwiftPackageReference "firebase-ios-sdk" */;
			productName = FirebaseStorage;
		};
/* End XCSwiftPackageProductDependency section */
	};
	rootObject = B09E0C1427F1BFC5003F38B2 /* Project object */;
}
